
Microsoft Visual Studio Solution File, Format Version 12.00
# Visual Studio Version 16
VisualStudioVersion = 16.0.29306.81
MinimumVisualStudioVersion = 10.0.40219.1
Project("{FAE04EC0-301F-11D3-BF4B-00C04F79EFBC}") = "EPG", "EPG\EPG.csproj", "{97315D3D-7F19-4508-8A4A-E02E6BA47EDC}"
EndProject
Global
	GlobalSection(SolutionConfigurationPlatforms) = preSolution
		Debug|Any CPU = Debug|Any CPU
		Debug|x86 = Debug|x86
		Release|Any CPU = Release|Any CPU
		Release|x86 = Release|x86
	EndGlobalSection
	GlobalSection(ProjectConfigurationPlatforms) = postSolution
		{97315D3D-7F19-4508-8A4A-E02E6BA47EDC}.Debug|Any CPU.ActiveCfg = Debug|Any CPU
		{97315D3D-7F19-4508-8A4A-E02E6BA47EDC}.Debug|Any CPU.Build.0 = Debug|Any CPU
		{97315D3D-7F19-4508-8A4A-E02E6BA47EDC}.Debug|x86.ActiveCfg = Debug|Any CPU
		{97315D3D-7F19-4508-8A4A-E02E6BA47EDC}.Debug|x86.Build.0 = Debug|Any CPU
		{97315D3D-7F19-4508-8A4A-E02E6BA47EDC}.Release|Any CPU.ActiveCfg = Release|Any CPU
		{97315D3D-7F19-4508-8A4A-E02E6BA47EDC}.Release|Any CPU.Build.0 = Release|Any CPU
		{97315D3D-7F19-4508-8A4A-E02E6BA47EDC}.Release|x86.ActiveCfg = Release|Any CPU
		{97315D3D-7F19-4508-8A4A-E02E6BA47EDC}.Release|x86.Build.0 = Release|Any CPU
	EndGlobalSection
	GlobalSection(SolutionProperties) = preSolution
		HideSolutionNode = FALSE
	EndGlobalSection
	GlobalSection(ExtensibilityGlobals) = postSolution
		SolutionGuid = {3C4387A8-FDD1-4FC5-9A9C-6E98F788C159}
	EndGlobalSection
EndGlobal
